Microsoft Visual Studio Solution File, Format Version 12.00
# Visual Studio Version 17
VisualStudioVersion = 17.5.2.0
MinimumVisualStudioVersion = 10.0.40219.1
Project("{FAE04EC0-301F-11D3-BF4B-00C04F79EFBC}") = "MemeStash", "MemeStash.csproj", "{3A4C2BD4-D13C-87FF-7D07-690A2FCD07F4}"
EndProject
Global
	GlobalSection(SolutionConfigurationPlatforms) = preSolution
		Debug|Any CPU = Debug|Any CPU
		Release|Any CPU = Release|Any CPU
	EndGlobalSection
	GlobalSection(ProjectConfigurationPlatforms) = postSolution
		{3A4C2BD4-D13C-87FF-7D07-690A2FCD07F4}.Debug|Any CPU.ActiveCfg = Debug|Any CPU
		{3A4C2BD4-D13C-87FF-7D07-690A2FCD07F4}.Debug|Any CPU.Build.0 = Debug|Any CPU
		{3A4C2BD4-D13C-87FF-7D07-690A2FCD07F4}.Release|Any CPU.ActiveCfg = Release|Any CPU
		{3A4C2BD4-D13C-87FF-7D07-690A2FCD07F4}.Release|Any CPU.Build.0 = Release|Any CPU
	EndGlobalSection
	GlobalSection(SolutionProperties) = preSolution
		HideSolutionNode = FALSE
	EndGlobalSection
	GlobalSection(ExtensibilityGlobals) = postSolution
		SolutionGuid = {5A70A2CE-A9BB-48C8-A553-6114E3B7DEA8}
	EndGlobalSection
EndGlobal
